
Microsoft Visual Studio Solution File, Format Version 12.00
# Visual Studio Version 16
VisualStudioVersion = 16.0.33423.256
MinimumVisualStudioVersion = 10.0.40219.1
Project("{FAE04EC0-301F-11D3-BF4B-00C04F79EFBC}") = "MyCsharpPlayground", "MyCsharpPlayground.csproj", "{5D4FD8E9-2DB9-497C-A526-970FB348BD2D}"
EndProject
Global
	GlobalSection(SolutionConfigurationPlatforms) = preSolution
		Debug|Any CPU = Debug|Any CPU
		Release|Any CPU = Release|Any CPU
	EndGlobalSection
	GlobalSection(ProjectConfigurationPlatforms) = postSolution
		{5D4FD8E9-2DB9-497C-A526-970FB348BD2D}.Debug|Any CPU.ActiveCfg = Debug|Any CPU
		{5D4FD8E9-2DB9-497C-A526-970FB348BD2D}.Debug|Any CPU.Build.0 = Debug|Any CPU
		{5D4FD8E9-2DB9-497C-A526-970FB348BD2D}.Release|Any CPU.ActiveCfg = Release|Any CPU
		{5D4FD8E9-2DB9-497C-A526-970FB348BD2D}.Release|Any CPU.Build.0 = Release|Any CPU
	EndGlobalSection
	GlobalSection(SolutionProperties) = preSolution
		HideSolutionNode = FALSE
	EndGlobalSection
	GlobalSection(ExtensibilityGlobals) = postSolution
		SolutionGuid = {57ABC44A-4773-4A21-B584-9AE1023DB633}
	EndGlobalSection
EndGlobal
