
Microsoft Visual Studio Solution File, Format Version 12.00
# Visual Studio Version 16
VisualStudioVersion = 16.0.32228.343
MinimumVisualStudioVersion = 10.0.40219.1
Project("{FAE04EC0-301F-11D3-BF4B-00C04F79EFBC}") = "Day12", "Day12.csproj", "{07C53850-C22B-4468-B960-6BB8EE66198C}"
EndProject
Global
	GlobalSection(SolutionConfigurationPlatforms) = preSolution
		Debug|Any CPU = Debug|Any CPU
		Release|Any CPU = Release|Any CPU
	EndGlobalSection
	GlobalSection(ProjectConfigurationPlatforms) = postSolution
		{07C53850-C22B-4468-B960-6BB8EE66198C}.Debug|Any CPU.ActiveCfg = Debug|Any CPU
		{07C53850-C22B-4468-B960-6BB8EE66198C}.Debug|Any CPU.Build.0 = Debug|Any CPU
		{07C53850-C22B-4468-B960-6BB8EE66198C}.Release|Any CPU.ActiveCfg = Release|Any CPU
		{07C53850-C22B-4468-B960-6BB8EE66198C}.Release|Any CPU.Build.0 = Release|Any CPU
	EndGlobalSection
	GlobalSection(SolutionProperties) = preSolution
		HideSolutionNode = FALSE
	EndGlobalSection
	GlobalSection(ExtensibilityGlobals) = postSolution
		SolutionGuid = {35D2C18F-A5C8-480D-BFDF-FEC104D63366}
	EndGlobalSection
EndGlobal
